
Microsoft Visual Studio Solution File, Format Version 12.00
# Visual Studio 15
VisualStudioVersion = 15.0.28307.1267
MinimumVisualStudioVersion = 10.0.40219.1
Project("{8BC9CEB8-8B4A-11D0-8D11-00A0C91BC942}") = "OpenCV_UnityPlugin", "UnitySharedMemory\UnitySharedMemory.vcxproj", "{5D3DAEFE-900E-4A05-9430-FC16C8090FF1}"
EndProject
Global
	GlobalSection(SolutionConfigurationPlatforms) = preSolution
		Debug|Any CPU = Debug|Any CPU
		Debug|x64 = Debug|x64
		Debug|x86 = Debug|x86
		Release|Any CPU = Release|Any CPU
		Release|x64 = Release|x64
		Release|x86 = Release|x86
	EndGlobalSection
	GlobalSection(ProjectConfigurationPlatforms) = postSolution
		{5D3DAEFE-900E-4A05-9430-FC16C8090FF1}.Debug|Any CPU.ActiveCfg = Debug|Win32
		{5D3DAEFE-900E-4A05-9430-FC16C8090FF1}.Debug|x64.ActiveCfg = Debug|x64
		{5D3DAEFE-900E-4A05-9430-FC16C8090FF1}.Debug|x64.Build.0 = Debug|x64
		{5D3DAEFE-900E-4A05-9430-FC16C8090FF1}.Debug|x86.ActiveCfg = Debug|Win32
		{5D3DAEFE-900E-4A05-9430-FC16C8090FF1}.Debug|x86.Build.0 = Debug|Win32
		{5D3DAEFE-900E-4A05-9430-FC16C8090FF1}.Release|Any CPU.ActiveCfg = Release|Win32
		{5D3DAEFE-900E-4A05-9430-FC16C8090FF1}.Release|x64.ActiveCfg = Release|x64
		{5D3DAEFE-900E-4A05-9430-FC16C8090FF1}.Release|x64.Build.0 = Release|x64
		{5D3DAEFE-900E-4A05-9430-FC16C8090FF1}.Release|x86.ActiveCfg = Release|Win32
		{5D3DAEFE-900E-4A05-9430-FC16C8090FF1}.Release|x86.Build.0 = Release|Win32
	EndGlobalSection
	GlobalSection(SolutionProperties) = preSolution
		HideSolutionNode = FALSE
	EndGlobalSection
	GlobalSection(ExtensibilityGlobals) = postSolution
		SolutionGuid = {5E11756B-0724-4340-BD5F-C83104C3AD03}
	EndGlobalSection
EndGlobal
